
Microsoft Visual Studio Solution File, Format Version 12.00
# Visual Studio Version 17
VisualStudioVersion = 17.5.33627.172
MinimumVisualStudioVersion = 10.0.40219.1
Project("{FAE04EC0-301F-11D3-BF4B-00C04F79EFBC}") = "AdventOfCode", "AdventOfCode\AdventOfCode.csproj", "{2DFF9C77-F053-4250-B011-E4E448263402}"
EndProject
Project("{FAE04EC0-301F-11D3-BF4B-00C04F79EFBC}") = "day02_1", "day02_1\day02_1.csproj", "{DC2C3775-D951-4CAF-AF9C-1834CB7A9CF3}"
EndProject
Project("{FAE04EC0-301F-11D3-BF4B-00C04F79EFBC}") = "day02_2", "day02_2\day02_2.csproj", "{A4867289-39B0-400A-9341-B24AC5AB0B0B}"
EndProject
Global
	GlobalSection(SolutionConfigurationPlatforms) = preSolution
		Debug|Any CPU = Debug|Any CPU
		Release|Any CPU = Release|Any CPU
	EndGlobalSection
	GlobalSection(ProjectConfigurationPlatforms) = postSolution
		{2DFF9C77-F053-4250-B011-E4E448263402}.Debug|Any CPU.ActiveCfg = Debug|Any CPU
		{2DFF9C77-F053-4250-B011-E4E448263402}.Debug|Any CPU.Build.0 = Debug|Any CPU
		{2DFF9C77-F053-4250-B011-E4E448263402}.Release|Any CPU.ActiveCfg = Release|Any CPU
		{2DFF9C77-F053-4250-B011-E4E448263402}.Release|Any CPU.Build.0 = Release|Any CPU
		{DC2C3775-D951-4CAF-AF9C-1834CB7A9CF3}.Debug|Any CPU.ActiveCfg = Debug|Any CPU
		{DC2C3775-D951-4CAF-AF9C-1834CB7A9CF3}.Debug|Any CPU.Build.0 = Debug|Any CPU
		{DC2C3775-D951-4CAF-AF9C-1834CB7A9CF3}.Release|Any CPU.ActiveCfg = Release|Any CPU
		{DC2C3775-D951-4CAF-AF9C-1834CB7A9CF3}.Release|Any CPU.Build.0 = Release|Any CPU
		{A4867289-39B0-400A-9341-B24AC5AB0B0B}.Debug|Any CPU.ActiveCfg = Debug|Any CPU
		{A4867289-39B0-400A-9341-B24AC5AB0B0B}.Debug|Any CPU.Build.0 = Debug|Any CPU
		{A4867289-39B0-400A-9341-B24AC5AB0B0B}.Release|Any CPU.ActiveCfg = Release|Any CPU
		{A4867289-39B0-400A-9341-B24AC5AB0B0B}.Release|Any CPU.Build.0 = Release|Any CPU
	EndGlobalSection
	GlobalSection(SolutionProperties) = preSolution
		HideSolutionNode = FALSE
	EndGlobalSection
	GlobalSection(ExtensibilityGlobals) = postSolution
		SolutionGuid = {F5682E08-92DD-4BBC-AFE5-EF907B29429B}
	EndGlobalSection
EndGlobal
